{
  "name": "ami",
  "lockfileVersion": 3,
  "requires": true,
  "packages": {
    "": {
      "dependencies": {
        "asterisk-manager": "^0.2.0",
        "colors": "^1.4.0",
        "dotenv": "^16.4.5",
        "fastagi.io": "^1.2.5"
      }
    },
    "node_modules/asterisk-manager": {
      "version": "0.2.0",
      "resolved": "https://registry.npmjs.org/asterisk-manager/-/asterisk-manager-0.2.0.tgz",
      "integrity": "sha512-drPPaG18ZZx1+E8rSzWxzh5fmJw0poSWgsu4HHT/UWlvFmqCwtfBZILpdsDDGhD43ughWYxC0cmR7KirHDPaww=="
    },
    "node_modules/asterisk.io": {
      "version": "0.1.1",
      "resolved": "https://registry.npmjs.org/asterisk.io/-/asterisk.io-0.1.1.tgz",
      "integrity": "sha512-1Lr/7eKb5dlClL2/Ahusus40rNEcrYZm4KqKC9uw5otYz/Upoha23kKnoFJ7RyMJncDuDJeZjTmoDJ5xLxtBAQ=="
    },
    "node_modules/colors": {
      "version": "1.4.0",
      "resolved": "https://registry.npmjs.org/colors/-/colors-1.4.0.tgz",
      "integrity": "sha512-a+UqTh4kgZg/SlGvfbzDHpgRu7AAQOmmqRHJnxhRZICKFUT91brVhNNt58CMWU9PsBbv3PDCZUHbVxuDiH2mtA==",
      "engines": {
        "node": ">=0.1.90"
      }
    },
    "node_modules/dotenv": {
      "version": "16.4.5",
      "resolved": "https://registry.npmjs.org/dotenv/-/dotenv-16.4.5.tgz",
      "integrity": "sha512-ZmdL2rui+eB2YwhsWzjInR8LldtZHGDoQ1ugH85ppHKwpUHL7j7rN0Ti9NCnGiQbhaZ11FpR+7ao1dNsmduNUg==",
      "engines": {
        "node": ">=12"
      },
      "funding": {
        "url": "https://dotenvx.com"
      }
    },
    "node_modules/fastagi.io": {
      "version": "1.2.5",
      "resolved": "https://registry.npmjs.org/fastagi.io/-/fastagi.io-1.2.5.tgz",
      "integrity": "sha512-Dc62LwM140e/Opv17CvbOv/DqQ9G0csDAb7arT0zwkvP8FinklKW69Lp3cM8Ywb8XF4nlXyxrOAppIJAzu6HMA==",
      "dependencies": {
        "asterisk.io": "^0.1.1"
      }
    }
  }
}
